
Microsoft Visual Studio Solution File, Format Version 12.00
# Visual Studio Version 16
VisualStudioVersion = 16.0.31321.278
MinimumVisualStudioVersion = 10.0.40219.1
Project("{FAE04EC0-301F-11D3-BF4B-00C04F79EFBC}") = "CongestionCharge", "CongestionCharge\CongestionCharge.csproj", "{13CA7700-4695-4E6B-8254-91DEF29D3564}"
EndProject
Project("{FAE04EC0-301F-11D3-BF4B-00C04F79EFBC}") = "CongestionCharge.UnitTests", "CongestionCharge.UnitTests\CongestionCharge.UnitTests.csproj", "{E22EB11F-6107-41AC-B883-59D0DBDA2379}"
EndProject
Project("{FAE04EC0-301F-11D3-BF4B-00C04F79EFBC}") = "CongestionCharge.IntegrationTests", "CongestionCharge.IntegrationTests\CongestionCharge.IntegrationTests.csproj", "{537AF8A3-614A-413B-AB44-6F61135BF2BB}"
EndProject
Project("{2150E333-8FDC-42A3-9474-1A3956D46DE8}") = "Solution Items", "Solution Items", "{9A24E90B-4638-4E82-84A3-1B82111EB238}"
	ProjectSection(SolutionItems) = preProject
		config.json = config.json
	EndProjectSection
EndProject
Global
	GlobalSection(SolutionConfigurationPlatforms) = preSolution
		Debug|Any CPU = Debug|Any CPU
		Release|Any CPU = Release|Any CPU
	EndGlobalSection
	GlobalSection(ProjectConfigurationPlatforms) = postSolution
		{13CA7700-4695-4E6B-8254-91DEF29D3564}.Debug|Any CPU.ActiveCfg = Debug|Any CPU
		{13CA7700-4695-4E6B-8254-91DEF29D3564}.Debug|Any CPU.Build.0 = Debug|Any CPU
		{13CA7700-4695-4E6B-8254-91DEF29D3564}.Release|Any CPU.ActiveCfg = Release|Any CPU
		{13CA7700-4695-4E6B-8254-91DEF29D3564}.Release|Any CPU.Build.0 = Release|Any CPU
		{E22EB11F-6107-41AC-B883-59D0DBDA2379}.Debug|Any CPU.ActiveCfg = Debug|Any CPU
		{E22EB11F-6107-41AC-B883-59D0DBDA2379}.Debug|Any CPU.Build.0 = Debug|Any CPU
		{E22EB11F-6107-41AC-B883-59D0DBDA2379}.Release|Any CPU.ActiveCfg = Release|Any CPU
		{E22EB11F-6107-41AC-B883-59D0DBDA2379}.Release|Any CPU.Build.0 = Release|Any CPU
		{537AF8A3-614A-413B-AB44-6F61135BF2BB}.Debug|Any CPU.ActiveCfg = Debug|Any CPU
		{537AF8A3-614A-413B-AB44-6F61135BF2BB}.Debug|Any CPU.Build.0 = Debug|Any CPU
		{537AF8A3-614A-413B-AB44-6F61135BF2BB}.Release|Any CPU.ActiveCfg = Release|Any CPU
		{537AF8A3-614A-413B-AB44-6F61135BF2BB}.Release|Any CPU.Build.0 = Release|Any CPU
	EndGlobalSection
	GlobalSection(SolutionProperties) = preSolution
		HideSolutionNode = FALSE
	EndGlobalSection
	GlobalSection(ExtensibilityGlobals) = postSolution
		SolutionGuid = {F0FA628C-DAE6-4ABF-B719-9FC4A5F8937C}
	EndGlobalSection
EndGlobal
